
Microsoft Visual Studio Solution File, Format Version 12.00
# Visual Studio Version 16
VisualStudioVersion = 16.0.33529.622
MinimumVisualStudioVersion = 10.0.40219.1
Project("{FAE04EC0-301F-11D3-BF4B-00C04F79EFBC}") = "User", "User\User.csproj", "{02831846-EE66-4DFD-B31D-6D08E2F9649E}"
EndProject
Global
	GlobalSection(SolutionConfigurationPlatforms) = preSolution
		Debug|Any CPU = Debug|Any CPU
		Release|Any CPU = Release|Any CPU
	EndGlobalSection
	GlobalSection(ProjectConfigurationPlatforms) = postSolution
		{02831846-EE66-4DFD-B31D-6D08E2F9649E}.Debug|Any CPU.ActiveCfg = Debug|Any CPU
		{02831846-EE66-4DFD-B31D-6D08E2F9649E}.Debug|Any CPU.Build.0 = Debug|Any CPU
		{02831846-EE66-4DFD-B31D-6D08E2F9649E}.Release|Any CPU.ActiveCfg = Release|Any CPU
		{02831846-EE66-4DFD-B31D-6D08E2F9649E}.Release|Any CPU.Build.0 = Release|Any CPU
	EndGlobalSection
	GlobalSection(SolutionProperties) = preSolution
		HideSolutionNode = FALSE
	EndGlobalSection
	GlobalSection(ExtensibilityGlobals) = postSolution
		SolutionGuid = {6566136A-FBA4-4E7F-9DD8-638850B94F41}
	EndGlobalSection
EndGlobal
